
Microsoft Visual Studio Solution File, Format Version 12.00
# Visual Studio Version 17
VisualStudioVersion = 17.14.36623.8
MinimumVisualStudioVersion = 10.0.40219.1
Project("{FAE04EC0-301F-11D3-BF4B-00C04F79EFBC}") = "OpenFirm.BackOffice", "OpenFirm.BackOffice\OpenFirm.BackOffice.csproj", "{44EDA724-C85E-4098-B8CB-6912ECD2E01C}"
EndProject
Project("{FAE04EC0-301F-11D3-BF4B-00C04F79EFBC}") = "OpenFirm.API", "OpenFirm.API\OpenFirm.API.csproj", "{875AE1F1-1FD9-869B-937A-B97B3BE6F21F}"
EndProject
Global
	GlobalSection(SolutionConfigurationPlatforms) = preSolution
		Debug|Any CPU = Debug|Any CPU
		Release|Any CPU = Release|Any CPU
	EndGlobalSection
	GlobalSection(ProjectConfigurationPlatforms) = postSolution
		{44EDA724-C85E-4098-B8CB-6912ECD2E01C}.Debug|Any CPU.ActiveCfg = Debug|Any CPU
		{44EDA724-C85E-4098-B8CB-6912ECD2E01C}.Debug|Any CPU.Build.0 = Debug|Any CPU
		{44EDA724-C85E-4098-B8CB-6912ECD2E01C}.Release|Any CPU.ActiveCfg = Release|Any CPU
		{44EDA724-C85E-4098-B8CB-6912ECD2E01C}.Release|Any CPU.Build.0 = Release|Any CPU
		{875AE1F1-1FD9-869B-937A-B97B3BE6F21F}.Debug|Any CPU.ActiveCfg = Debug|Any CPU
		{875AE1F1-1FD9-869B-937A-B97B3BE6F21F}.Debug|Any CPU.Build.0 = Debug|Any CPU
		{875AE1F1-1FD9-869B-937A-B97B3BE6F21F}.Release|Any CPU.ActiveCfg = Release|Any CPU
		{875AE1F1-1FD9-869B-937A-B97B3BE6F21F}.Release|Any CPU.Build.0 = Release|Any CPU
	EndGlobalSection
	GlobalSection(SolutionProperties) = preSolution
		HideSolutionNode = FALSE
	EndGlobalSection
	GlobalSection(ExtensibilityGlobals) = postSolution
		SolutionGuid = {38BFBCF0-471B-414F-A460-82989F132EFB}
	EndGlobalSection
EndGlobal
